
Microsoft Visual Studio Solution File, Format Version 12.00
# Visual Studio 2012
Project("{F2A71F9B-5D33-465A-A702-920D77279786}") = "FsWorkflow", "FsWorkflow/FsWorkflow.fsproj", "{6E048AE4-53DD-4585-8452-87A8C35E8FB7}"
EndProject
Global
	GlobalSection(SolutionConfigurationPlatforms) = preSolution
		Debug|Any CPU = Debug|Any CPU
		Release|Any CPU = Release|Any CPU
	EndGlobalSection
	GlobalSection(ProjectConfigurationPlatforms) = postSolution
		{6E048AE4-53DD-4585-8452-87A8C35E8FB7}.Debug|Any CPU.ActiveCfg = Debug|Any CPU
		{6E048AE4-53DD-4585-8452-87A8C35E8FB7}.Debug|Any CPU.Build.0 = Debug|Any CPU
		{6E048AE4-53DD-4585-8452-87A8C35E8FB7}.Release|Any CPU.ActiveCfg = Release|Any CPU
		{6E048AE4-53DD-4585-8452-87A8C35E8FB7}.Release|Any CPU.Build.0 = Release|Any CPU
	EndGlobalSection
	GlobalSection(SolutionProperties) = preSolution
		HideSolutionNode = FALSE
	EndGlobalSection
EndGlobal
